
Microsoft Visual Studio Solution File, Format Version 12.00
# Visual Studio Version 16
VisualStudioVersion = 16.0.29025.244
MinimumVisualStudioVersion = 10.0.40219.1
Project("{FAE04EC0-301F-11D3-BF4B-00C04F79EFBC}") = "WpfApp2", "WpfApp2\WpfApp2.csproj", "{5ED38F28-67C9-422A-8623-19B06BB16CB5}"
EndProject
Global
	GlobalSection(SolutionConfigurationPlatforms) = preSolution
		Debug|Any CPU = Debug|Any CPU
		Release|Any CPU = Release|Any CPU
	EndGlobalSection
	GlobalSection(ProjectConfigurationPlatforms) = postSolution
		{5ED38F28-67C9-422A-8623-19B06BB16CB5}.Debug|Any CPU.ActiveCfg = Debug|Any CPU
		{5ED38F28-67C9-422A-8623-19B06BB16CB5}.Debug|Any CPU.Build.0 = Debug|Any CPU
		{5ED38F28-67C9-422A-8623-19B06BB16CB5}.Release|Any CPU.ActiveCfg = Release|Any CPU
		{5ED38F28-67C9-422A-8623-19B06BB16CB5}.Release|Any CPU.Build.0 = Release|Any CPU
	EndGlobalSection
	GlobalSection(SolutionProperties) = preSolution
		HideSolutionNode = FALSE
	EndGlobalSection
	GlobalSection(ExtensibilityGlobals) = postSolution
		SolutionGuid = {44C49878-B7DA-446C-855C-EC9C3405CB47}
	EndGlobalSection
EndGlobal
